// !$*UTF8*$!
{
	archiveVersion = 1;
	classes = {
	};
	objectVersion = 50;
	objects = {

/* Begin PBXBuildFile section */
		552664692618FECA0074509C /* TelaCriarSala.swift in Sources */ = {isa = PBXBuildFile; fileRef = 552664682618FECA0074509C /* TelaCriarSala.swift */; };
		5530288B26194E1E00446014 /* TelaPuzzle2.swift in Sources */ = {isa = PBXBuildFile; fileRef = 5530288A26194E1E00446014 /* TelaPuzzle2.swift */; };
		55E2C7BE26190BE9005DB85E /* TelaEntrarSala.swift in Sources */ = {isa = PBXBuildFile; fileRef = 55E2C7BD26190BE9005DB85E /* TelaEntrarSala.swift */; };
		55E2C7C126191046005DB85E /* TelaComoJogar.swift in Sources */ = {isa = PBXBuildFile; fileRef = 55E2C7C026191046005DB85E /* TelaComoJogar.swift */; };
		55E2C7C426193AD3005DB85E /* TelaIntroGame.swift in Sources */ = {isa = PBXBuildFile; fileRef = 55E2C7C326193AD3005DB85E /* TelaIntroGame.swift */; };
		55E2C7C726193E45005DB85E /* TelaPuzzle1.swift in Sources */ = {isa = PBXBuildFile; fileRef = 55E2C7C626193E45005DB85E /* TelaPuzzle1.swift */; };
		55E2C7CA26194027005DB85E /* TelaPuzzle4.swift in Sources */ = {isa = PBXBuildFile; fileRef = 55E2C7C926194027005DB85E /* TelaPuzzle4.swift */; };
		55E942022619608600C4220C /* TelaPuzzle5.swift in Sources */ = {isa = PBXBuildFile; fileRef = 55E942012619608600C4220C /* TelaPuzzle5.swift */; };
		CB348F002618F20A001C589B /* ObscureApp.swift in Sources */ = {isa = PBXBuildFile; fileRef = CB348EFF2618F20A001C589B /* ObscureApp.swift */; };
		CB348F022618F20A001C589B /* ContentView.swift in Sources */ = {isa = PBXBuildFile; fileRef = CB348F012618F20A001C589B /* ContentView.swift */; };
		CB348F042618F20B001C589B /* Assets.xcassets in Resources */ = {isa = PBXBuildFile; fileRef = CB348F032618F20B001C589B /* Assets.xcassets */; };
		CB348F072618F20B001C589B /* Preview Assets.xcassets in Resources */ = {isa = PBXBuildFile; fileRef = CB348F062618F20B001C589B /* Preview Assets.xcassets */; };
/* End PBXBuildFile section */

/* Begin PBXFileReference section */
		552664682618FECA0074509C /* TelaCriarSala.swift */ = {isa = PBXFileReference; lastKnownFileType = sourcecode.swift; path = TelaCriarSala.swift; sourceTree = "<group>"; };
		5530288A26194E1E00446014 /* TelaPuzzle2.swift */ = {isa = PBXFileReference; lastKnownFileType = sourcecode.swift; path = TelaPuzzle2.swift; sourceTree = "<group>"; };
		55E2C7BD26190BE9005DB85E /* TelaEntrarSala.swift */ = {isa = PBXFileReference; lastKnownFileType = sourcecode.swift; path = TelaEntrarSala.swift; sourceTree = "<group>"; };
		55E2C7C026191046005DB85E /* TelaComoJogar.swift */ = {isa = PBXFileReference; lastKnownFileType = sourcecode.swift; path = TelaComoJogar.swift; sourceTree = "<group>"; };
		55E2C7C326193AD3005DB85E /* TelaIntroGame.swift */ = {isa = PBXFileReference; lastKnownFileType = sourcecode.swift; path = TelaIntroGame.swift; sourceTree = "<group>"; };
		55E2C7C626193E45005DB85E /* TelaPuzzle1.swift */ = {isa = PBXFileReference; lastKnownFileType = sourcecode.swift; path = TelaPuzzle1.swift; sourceTree = "<group>"; };
		55E2C7C926194027005DB85E /* TelaPuzzle4.swift */ = {isa = PBXFileReference; lastKnownFileType = sourcecode.swift; path = TelaPuzzle4.swift; sourceTree = "<group>"; };
		55E942012619608600C4220C /* TelaPuzzle5.swift */ = {isa = PBXFileReference; lastKnownFileType = sourcecode.swift; path = TelaPuzzle5.swift; sourceTree = "<group>"; };
		CB348EFC2618F20A001C589B /* Obscure.app */ = {isa = PBXFileReference; explicitFileType = wrapper.application; includeInIndex = 0; path = Obscure.app; sourceTree = BUILT_PRODUCTS_DIR; };
		CB348EFF2618F20A001C589B /* ObscureApp.swift */ = {isa = PBXFileReference; lastKnownFileType = sourcecode.swift; path = ObscureApp.swift; sourceTree = "<group>"; };
		CB348F012618F20A001C589B /* ContentView.swift */ = {isa = PBXFileReference; lastKnownFileType = sourcecode.swift; path = ContentView.swift; sourceTree = "<group>"; };
		CB348F032618F20B001C589B /* Assets.xcassets */ = {isa = PBXFileReference; lastKnownFileType = folder.assetcatalog; path = Assets.xcassets; sourceTree = "<group>"; };
		CB348F062618F20B001C589B /* Preview Assets.xcassets */ = {isa = PBXFileReference; lastKnownFileType = folder.assetcatalog; path = "Preview Assets.xcassets"; sourceTree = "<group>"; };
		CB348F082618F20B001C589B /* Info.plist */ = {isa = PBXFileReference; lastKnownFileType = text.plist.xml; path = Info.plist; sourceTree = "<group>"; };
/* End PBXFileReference section */

/* Begin PBXFrameworksBuildPhase section */
		CB348EF92618F20A001C589B /* Frameworks */ = {
			isa = PBXFrameworksBuildPhase;
			buildActionMask = 2147483647;
			files = (
			);
			runOnlyForDeploymentPostprocessing = 0;
		};
/* End PBXFrameworksBuildPhase section */

/* Begin PBXGroup section */
		CB348EF32618F20A001C589B = {
			isa = PBXGroup;
			children = (
				CB348EFE2618F20A001C589B /* Obscure */,
				CB348EFD2618F20A001C589B /* Products */,
			);
			sourceTree = "<group>";
		};
		CB348EFD2618F20A001C589B /* Products */ = {
			isa = PBXGroup;
			children = (
				CB348EFC2618F20A001C589B /* Obscure.app */,
			);
			name = Products;
			sourceTree = "<group>";
		};
		CB348EFE2618F20A001C589B /* Obscure */ = {
			isa = PBXGroup;
			children = (
				CB348EFF2618F20A001C589B /* ObscureApp.swift */,
				CB348F012618F20A001C589B /* ContentView.swift */,
				552664682618FECA0074509C /* TelaCriarSala.swift */,
				55E2C7BD26190BE9005DB85E /* TelaEntrarSala.swift */,
				55E2C7C326193AD3005DB85E /* TelaIntroGame.swift */,
				55E2C7C626193E45005DB85E /* TelaPuzzle1.swift */,
				5530288A26194E1E00446014 /* TelaPuzzle2.swift */,
				55E942012619608600C4220C /* TelaPuzzle5.swift */,
				55E2C7C926194027005DB85E /* TelaPuzzle4.swift */,
				55E2C7C026191046005DB85E /* TelaComoJogar.swift */,
				CB348F032618F20B001C589B /* Assets.xcassets */,
				CB348F082618F20B001C589B /* Info.plist */,
				CB348F052618F20B001C589B /* Preview Content */,
			);
			path = Obscure;
			sourceTree = "<group>";
		};
		CB348F052618F20B001C589B /* Preview Content */ = {
			isa = PBXGroup;
			children = (
				CB348F062618F20B001C589B /* Preview Assets.xcassets */,
			);
			path = "Preview Content";
			sourceTree = "<group>";
		};
/* End PBXGroup section */

/* Begin PBXNativeTarget section */
		CB348EFB2618F20A001C589B /* Obscure */ = {
			isa = PBXNativeTarget;
			buildConfigurationList = CB348F0B2618F20B001C589B /* Build configuration list for PBXNativeTarget "Obscure" */;
			buildPhases = (
				CB348EF82618F20A001C589B /* Sources */,
				CB348EF92618F20A001C589B /* Frameworks */,
				CB348EFA2618F20A001C589B /* Resources */,
			);
			buildRules = (
			);
			dependencies = (
			);
			name = Obscure;
			productName = Obscure;
			productReference = CB348EFC2618F20A001C589B /* Obscure.app */;
			productType = "com.apple.product-type.application";
		};
/* End PBXNativeTarget section */

/* Begin PBXProject section */
		CB348EF42618F20A001C589B /* Project object */ = {
			isa = PBXProject;
			attributes = {
				LastSwiftUpdateCheck = 1240;
				LastUpgradeCheck = 1240;
				TargetAttributes = {
					CB348EFB2618F20A001C589B = {
						CreatedOnToolsVersion = 12.4;
					};
				};
			};
			buildConfigurationList = CB348EF72618F20A001C589B /* Build configuration list for PBXProject "Obscure" */;
			compatibilityVersion = "Xcode 9.3";
			developmentRegion = en;
			hasScannedForEncodings = 0;
			knownRegions = (
				en,
				Base,
			);
			mainGroup = CB348EF32618F20A001C589B;
			productRefGroup = CB348EFD2618F20A001C589B /* Products */;
			projectDirPath = "";
			projectRoot = "";
			targets = (
				CB348EFB2618F20A001C589B /* Obscure */,
			);
		};
/* End PBXProject section */

/* Begin PBXResourcesBuildPhase section */
		CB348EFA2618F20A001C589B /* Resources */ = {
			isa = PBXResourcesBuildPhase;
			buildActionMask = 2147483647;
			files = (
				CB348F072618F20B001C589B /* Preview Assets.xcassets in Resources */,
				CB348F042618F20B001C589B /* Assets.xcassets in Resources */,
			);
			runOnlyForDeploymentPostprocessing = 0;
		};
/* End PBXResourcesBuildPhase section */

/* Begin PBXSourcesBuildPhase section */
		CB348EF82618F20A001C589B /* Sources */ = {
			isa = PBXSourcesBuildPhase;
			buildActionMask = 2147483647;
			files = (
				55E2C7CA26194027005DB85E /* TelaPuzzle4.swift in Sources */,
				552664692618FECA0074509C /* TelaCriarSala.swift in Sources */,
				CB348F022618F20A001C589B /* ContentView.swift in Sources */,
				55E942022619608600C4220C /* TelaPuzzle5.swift in Sources */,
				55E2C7C426193AD3005DB85E /* TelaIntroGame.swift in Sources */,
				55E2C7C126191046005DB85E /* TelaComoJogar.swift in Sources */,
				55E2C7BE26190BE9005DB85E /* TelaEntrarSala.swift in Sources */,
				5530288B26194E1E00446014 /* TelaPuzzle2.swift in Sources */,
				55E2C7C726193E45005DB85E /* TelaPuzzle1.swift in Sources */,
				CB348F002618F20A001C589B /* ObscureApp.swift in Sources */,
			);
			runOnlyForDeploymentPostprocessing = 0;
		};
/* End PBXSourcesBuildPhase section */

/* Begin XCBuildConfiguration section */
		CB348F092618F20B001C589B /* Debug */ = {
			isa = XCBuildConfiguration;
			buildSettings = {
				ALWAYS_SEARCH_USER_PATHS = NO;
				CLANG_ANALYZER_NONNULL = YES;
				CLANG_ANALYZER_NUMBER_OBJECT_CONVERSION = YES_AGGRESSIVE;
				CLANG_CXX_LANGUAGE_STANDARD = "gnu++14";
				CLANG_CXX_LIBRARY = "libc++";
				CLANG_ENABLE_MODULES = YES;
				CLANG_ENABLE_OBJC_ARC = YES;
				CLANG_ENABLE_OBJC_WEAK = YES;
				CLANG_WARN_BLOCK_CAPTURE_AUTORELEASING = YES;
				CLANG_WARN_BOOL_CONVERSION = YES;
				CLANG_WARN_COMMA = YES;
				CLANG_WARN_CONSTANT_CONVERSION = YES;
				CLANG_WARN_DEPRECATED_OBJC_IMPLEMENTATIONS = YES;
				CLANG_WARN_DIRECT_OBJC_ISA_USAGE = YES_ERROR;
				CLANG_WARN_DOCUMENTATION_COMMENTS = YES;
				CLANG_WARN_EMPTY_BODY = YES;
				CLANG_WARN_ENUM_CONVERSION = YES;
				CLANG_WARN_INFINITE_RECURSION = YES;
				CLANG_WARN_INT_CONVERSION = YES;
				CLANG_WARN_NON_LITERAL_NULL_CONVERSION = YES;
				CLANG_WARN_OBJC_IMPLICIT_RETAIN_SELF = YES;
				CLANG_WARN_OBJC_LITERAL_CONVERSION = YES;
				CLANG_WARN_OBJC_ROOT_CLASS = YES_ERROR;
				CLANG_WARN_QUOTED_INCLUDE_IN_FRAMEWORK_HEADER = YES;
				CLANG_WARN_RANGE_LOOP_ANALYSIS = YES;
				CLANG_WARN_STRICT_PROTOTYPES = YES;
				CLANG_WARN_SUSPICIOUS_MOVE = YES;
				CLANG_WARN_UNGUARDED_AVAILABILITY = YES_AGGRESSIVE;
				CLANG_WARN_UNREACHABLE_CODE = YES;
				CLANG_WARN__DUPLICATE_METHOD_MATCH = YES;
				COPY_PHASE_STRIP = NO;
				DEBUG_INFORMATION_FORMAT = dwarf;
				ENABLE_STRICT_OBJC_MSGSEND = YES;
				ENABLE_TESTABILITY = YES;
				GCC_C_LANGUAGE_STANDARD = gnu11;
				GCC_DYNAMIC_NO_PIC = NO;
				GCC_NO_COMMON_BLOCKS = YES;
				GCC_OPTIMIZATION_LEVEL = 0;
				GCC_PREPROCESSOR_DEFINITIONS = (
					"DEBUG=1",
					"$(inherited)",
				);
				GCC_WARN_64_TO_32_BIT_CONVERSION = YES;
				GCC_WARN_ABOUT_RETURN_TYPE = YES_ERROR;
				GCC_WARN_UNDECLARED_SELECTOR = YES;
				GCC_WARN_UNINITIALIZED_AUTOS = YES_AGGRESSIVE;
				GCC_WARN_UNUSED_FUNCTION = YES;
				GCC_WARN_UNUSED_VARIABLE = YES;
				IPHONEOS_DEPLOYMENT_TARGET = 14.4;
				MTL_ENABLE_DEBUG_INFO = INCLUDE_SOURCE;
				MTL_FAST_MATH = YES;
				ONLY_ACTIVE_ARCH = YES;
				SDKROOT = iphoneos;
				SWIFT_ACTIVE_COMPILATION_CONDITIONS = DEBUG;
				SWIFT_OPTIMIZATION_LEVEL = "-Onone";
			};
			name = Debug;
		};
		CB348F0A2618F20B001C589B /* Release */ = {
			isa = XCBuildConfiguration;
			buildSettings = {
				ALWAYS_SEARCH_USER_PATHS = NO;
				CLANG_ANALYZER_NONNULL = YES;
				CLANG_ANALYZER_NUMBER_OBJECT_CONVERSION = YES_AGGRESSIVE;
				CLANG_CXX_LANGUAGE_STANDARD = "gnu++14";
				CLANG_CXX_LIBRARY = "libc++";
				CLANG_ENABLE_MODULES = YES;
				CLANG_ENABLE_OBJC_ARC = YES;
				CLANG_ENABLE_OBJC_WEAK = YES;
				CLANG_WARN_BLOCK_CAPTURE_AUTORELEASING = YES;
				CLANG_WARN_BOOL_CONVERSION = YES;
				CLANG_WARN_COMMA = YES;
				CLANG_WARN_CONSTANT_CONVERSION = YES;
				CLANG_WARN_DEPRECATED_OBJC_IMPLEMENTATIONS = YES;
				CLANG_WARN_DIRECT_OBJC_ISA_USAGE = YES_ERROR;
				CLANG_WARN_DOCUMENTATION_COMMENTS = YES;
				CLANG_WARN_EMPTY_BODY = YES;
				CLANG_WARN_ENUM_CONVERSION = YES;
				CLANG_WARN_INFINITE_RECURSION = YES;
				CLANG_WARN_INT_CONVERSION = YES;
				CLANG_WARN_NON_LITERAL_NULL_CONVERSION = YES;
				CLANG_WARN_OBJC_IMPLICIT_RETAIN_SELF = YES;
				CLANG_WARN_OBJC_LITERAL_CONVERSION = YES;
				CLANG_WARN_OBJC_ROOT_CLASS = YES_ERROR;
				CLANG_WARN_QUOTED_INCLUDE_IN_FRAMEWORK_HEADER = YES;
				CLANG_WARN_RANGE_LOOP_ANALYSIS = YES;
				CLANG_WARN_STRICT_PROTOTYPES = YES;
				CLANG_WARN_SUSPICIOUS_MOVE = YES;
				CLANG_WARN_UNGUARDED_AVAILABILITY = YES_AGGRESSIVE;
				CLANG_WARN_UNREACHABLE_CODE = YES;
				CLANG_WARN__DUPLICATE_METHOD_MATCH = YES;
				COPY_PHASE_STRIP = NO;
				DEBUG_INFORMATION_FORMAT = "dwarf-with-dsym";
				ENABLE_NS_ASSERTIONS = NO;
				ENABLE_STRICT_OBJC_MSGSEND = YES;
				GCC_C_LANGUAGE_STANDARD = gnu11;
				GCC_NO_COMMON_BLOCKS = YES;
				GCC_WARN_64_TO_32_BIT_CONVERSION = YES;
				GCC_WARN_ABOUT_RETURN_TYPE = YES_ERROR;
				GCC_WARN_UNDECLARED_SELECTOR = YES;
				GCC_WARN_UNINITIALIZED_AUTOS = YES_AGGRESSIVE;
				GCC_WARN_UNUSED_FUNCTION = YES;
				GCC_WARN_UNUSED_VARIABLE = YES;
				IPHONEOS_DEPLOYMENT_TARGET = 14.4;
				MTL_ENABLE_DEBUG_INFO = NO;
				MTL_FAST_MATH = YES;
				SDKROOT = iphoneos;
				SWIFT_COMPILATION_MODE = wholemodule;
				SWIFT_OPTIMIZATION_LEVEL = "-O";
				VALIDATE_PRODUCT = YES;
			};
			name = Release;
		};
		CB348F0C2618F20B001C589B /* Debug */ = {
			isa = XCBuildConfiguration;
			buildSettings = {
				ASSETCATALOG_COMPILER_APPICON_NAME = AppIcon;
				ASSETCATALOG_COMPILER_GLOBAL_ACCENT_COLOR_NAME = AccentColor;
				CODE_SIGN_STYLE = Automatic;
				DEVELOPMENT_ASSET_PATHS = "\"Obscure/Preview Content\"";
				DEVELOPMENT_TEAM = R4QUMDS8VW;
				ENABLE_PREVIEWS = YES;
				INFOPLIST_FILE = Obscure/Info.plist;
				IPHONEOS_DEPLOYMENT_TARGET = 14.0;
				LD_RUNPATH_SEARCH_PATHS = (
					"$(inherited)",
					"@executable_path/Frameworks",
				);
				PRODUCT_BUNDLE_IDENTIFIER = br.ufpe.cin.academy.Obscure;
				PRODUCT_NAME = "$(TARGET_NAME)";
				SWIFT_VERSION = 5.0;
				TARGETED_DEVICE_FAMILY = "1,2";
			};
			name = Debug;
		};
		CB348F0D2618F20B001C589B /* Release */ = {
			isa = XCBuildConfiguration;
			buildSettings = {
				ASSETCATALOG_COMPILER_APPICON_NAME = AppIcon;
				ASSETCATALOG_COMPILER_GLOBAL_ACCENT_COLOR_NAME = AccentColor;
				CODE_SIGN_STYLE = Automatic;
				DEVELOPMENT_ASSET_PATHS = "\"Obscure/Preview Content\"";
				DEVELOPMENT_TEAM = R4QUMDS8VW;
				ENABLE_PREVIEWS = YES;
				INFOPLIST_FILE = Obscure/Info.plist;
				IPHONEOS_DEPLOYMENT_TARGET = 14.0;
				LD_RUNPATH_SEARCH_PATHS = (
					"$(inherited)",
					"@executable_path/Frameworks",
				);
				PRODUCT_BUNDLE_IDENTIFIER = br.ufpe.cin.academy.Obscure;
				PRODUCT_NAME = "$(TARGET_NAME)";
				SWIFT_VERSION = 5.0;
				TARGETED_DEVICE_FAMILY = "1,2";
			};
			name = Release;
		};
/* End XCBuildConfiguration section */

/* Begin XCConfigurationList section */
		CB348EF72618F20A001C589B /* Build configuration list for PBXProject "Obscure" */ = {
			isa = XCConfigurationList;
			buildConfigurations = (
				CB348F092618F20B001C589B /* Debug */,
				CB348F0A2618F20B001C589B /* Release */,
			);
			defaultConfigurationIsVisible = 0;
			defaultConfigurationName = Release;
		};
		CB348F0B2618F20B001C589B /* Build configuration list for PBXNativeTarget "Obscure" */ = {
			isa = XCConfigurationList;
			buildConfigurations = (
				CB348F0C2618F20B001C589B /* Debug */,
				CB348F0D2618F20B001C589B /* Release */,
			);
			defaultConfigurationIsVisible = 0;
			defaultConfigurationName = Release;
		};
/* End XCConfigurationList section */
	};
	rootObject = CB348EF42618F20A001C589B /* Project object */;
}
